
Microsoft Visual Studio Solution File, Format Version 10.00
# Visual Studio 2008
Project("{FAE04EC0-301F-11D3-BF4B-00C04F79EFBC}") = "WindowsFormsApplication1", "WindowsFormsApplication1.csproj", "{D578E399-B4CE-40B5-B04B-EC4D93C15BA6}"
EndProject
Global
	GlobalSection(SolutionConfigurationPlatforms) = preSolution
		Debug|Any CPU = Debug|Any CPU
		Release|Any CPU = Release|Any CPU
	EndGlobalSection
	GlobalSection(ProjectConfigurationPlatforms) = postSolution
		{D578E399-B4CE-40B5-B04B-EC4D93C15BA6}.Debug|Any CPU.ActiveCfg = Debug|Any CPU
		{D578E399-B4CE-40B5-B04B-EC4D93C15BA6}.Debug|Any CPU.Build.0 = Debug|Any CPU
		{D578E399-B4CE-40B5-B04B-EC4D93C15BA6}.Release|Any CPU.ActiveCfg = Release|Any CPU
		{D578E399-B4CE-40B5-B04B-EC4D93C15BA6}.Release|Any CPU.Build.0 = Release|Any CPU
	EndGlobalSection
	GlobalSection(SolutionProperties) = preSolution
		HideSolutionNode = FALSE
	EndGlobalSection
EndGlobal
